
Microsoft Visual Studio Solution File, Format Version 12.00
# Visual Studio Version 17
VisualStudioVersion = 17.1.32210.238
MinimumVisualStudioVersion = 10.0.40219.1
Project("{FAE04EC0-301F-11D3-BF4B-00C04F79EFBC}") = "DapperDeneme", "DapperDeneme\DapperDeneme.csproj", "{88029B98-CC16-4443-A267-1D2B370D150E}"
EndProject
Global
	GlobalSection(SolutionConfigurationPlatforms) = preSolution
		Debug|Any CPU = Debug|Any CPU
		Release|Any CPU = Release|Any CPU
	EndGlobalSection
	GlobalSection(ProjectConfigurationPlatforms) = postSolution
		{88029B98-CC16-4443-A267-1D2B370D150E}.Debug|Any CPU.ActiveCfg = Debug|Any CPU
		{88029B98-CC16-4443-A267-1D2B370D150E}.Debug|Any CPU.Build.0 = Debug|Any CPU
		{88029B98-CC16-4443-A267-1D2B370D150E}.Release|Any CPU.ActiveCfg = Release|Any CPU
		{88029B98-CC16-4443-A267-1D2B370D150E}.Release|Any CPU.Build.0 = Release|Any CPU
	EndGlobalSection
	GlobalSection(SolutionProperties) = preSolution
		HideSolutionNode = FALSE
	EndGlobalSection
	GlobalSection(ExtensibilityGlobals) = postSolution
		SolutionGuid = {1C09D66F-1F12-43AC-9C1A-586213CCB605}
	EndGlobalSection
EndGlobal
